// !$*UTF8*$!
{
	archiveVersion = 1;
	classes = {
	};
	objectVersion = 50;
	objects = {

/* Begin PBXBuildFile section */
		5CF157982520834600A23D7B /* HeartbeatSwiftUIApp.swift in Sources */ = {isa = PBXBuildFile; fileRef = 5CF157972520834600A23D7B /* HeartbeatSwiftUIApp.swift */; };
		5CF1579A2520834600A23D7B /* ContentView.swift in Sources */ = {isa = PBXBuildFile; fileRef = 5CF157992520834600A23D7B /* ContentView.swift */; };
		5CF1579C2520834600A23D7B /* Assets.xcassets in Resources */ = {isa = PBXBuildFile; fileRef = 5CF1579B2520834600A23D7B /* Assets.xcassets */; };
		5CF1579F2520834600A23D7B /* Preview Assets.xcassets in Resources */ = {isa = PBXBuildFile; fileRef = 5CF1579E2520834600A23D7B /* Preview Assets.xcassets */; };
		5CF157AA2520834600A23D7B /* HeartbeatSwiftUITests.swift in Sources */ = {isa = PBXBuildFile; fileRef = 5CF157A92520834600A23D7B /* HeartbeatSwiftUITests.swift */; };
		5CF157B52520834700A23D7B /* HeartbeatSwiftUIUITests.swift in Sources */ = {isa = PBXBuildFile; fileRef = 5CF157B42520834700A23D7B /* HeartbeatSwiftUIUITests.swift */; };
/* End PBXBuildFile section */

/* Begin PBXContainerItemProxy section */
		5CF157A62520834600A23D7B /* PBXContainerItemProxy */ = {
			isa = PBXContainerItemProxy;
			containerPortal = 5CF1578C2520834600A23D7B /* Project object */;
			proxyType = 1;
			remoteGlobalIDString = 5CF157932520834600A23D7B;
			remoteInfo = HeartbeatSwiftUI;
		};
		5CF157B12520834600A23D7B /* PBXContainerItemProxy */ = {
			isa = PBXContainerItemProxy;
			containerPortal = 5CF1578C2520834600A23D7B /* Project object */;
			proxyType = 1;
			remoteGlobalIDString = 5CF157932520834600A23D7B;
			remoteInfo = HeartbeatSwiftUI;
		};
/* End PBXContainerItemProxy section */

/* Begin PBXFileReference section */
		5CF157942520834600A23D7B /* HeartbeatSwiftUI.app */ = {isa = PBXFileReference; explicitFileType = wrapper.application; includeInIndex = 0; path = HeartbeatSwiftUI.app; sourceTree = BUILT_PRODUCTS_DIR; };
		5CF157972520834600A23D7B /* HeartbeatSwiftUIApp.swift */ = {isa = PBXFileReference; lastKnownFileType = sourcecode.swift; path = HeartbeatSwiftUIApp.swift; sourceTree = "<group>"; };
		5CF157992520834600A23D7B /* ContentView.swift */ = {isa = PBXFileReference; lastKnownFileType = sourcecode.swift; path = ContentView.swift; sourceTree = "<group>"; };
		5CF1579B2520834600A23D7B /* Assets.xcassets */ = {isa = PBXFileReference; lastKnownFileType = folder.assetcatalog; path = Assets.xcassets; sourceTree = "<group>"; };
		5CF1579E2520834600A23D7B /* Preview Assets.xcassets */ = {isa = PBXFileReference; lastKnownFileType = folder.assetcatalog; path = "Preview Assets.xcassets"; sourceTree = "<group>"; };
		5CF157A02520834600A23D7B /* Info.plist */ = {isa = PBXFileReference; lastKnownFileType = text.plist.xml; path = Info.plist; sourceTree = "<group>"; };
		5CF157A52520834600A23D7B /* HeartbeatSwiftUITests.xctest */ = {isa = PBXFileReference; explicitFileType = wrapper.cfbundle; includeInIndex = 0; path = HeartbeatSwiftUITests.xctest; sourceTree = BUILT_PRODUCTS_DIR; };
		5CF157A92520834600A23D7B /* HeartbeatSwiftUITests.swift */ = {isa = PBXFileReference; lastKnownFileType = sourcecode.swift; path = HeartbeatSwiftUITests.swift; sourceTree = "<group>"; };
		5CF157AB2520834600A23D7B /* Info.plist */ = {isa = PBXFileReference; lastKnownFileType = text.plist.xml; path = Info.plist; sourceTree = "<group>"; };
		5CF157B02520834600A23D7B /* HeartbeatSwiftUIUITests.xctest */ = {isa = PBXFileReference; explicitFileType = wrapper.cfbundle; includeInIndex = 0; path = HeartbeatSwiftUIUITests.xctest; sourceTree = BUILT_PRODUCTS_DIR; };
		5CF157B42520834700A23D7B /* HeartbeatSwiftUIUITests.swift */ = {isa = PBXFileReference; lastKnownFileType = sourcecode.swift; path = HeartbeatSwiftUIUITests.swift; sourceTree = "<group>"; };
		5CF157B62520834700A23D7B /* Info.plist */ = {isa = PBXFileReference; lastKnownFileType = text.plist.xml; path = Info.plist; sourceTree = "<group>"; };
/* End PBXFileReference section */

/* Begin PBXFrameworksBuildPhase section */
		5CF157912520834600A23D7B /* Frameworks */ = {
			isa = PBXFrameworksBuildPhase;
			buildActionMask = 2147483647;
			files = (
			);
			runOnlyForDeploymentPostprocessing = 0;
		};
		5CF157A22520834600A23D7B /* Frameworks */ = {
			isa = PBXFrameworksBuildPhase;
			buildActionMask = 2147483647;
			files = (
			);
			runOnlyForDeploymentPostprocessing = 0;
		};
		5CF157AD2520834600A23D7B /* Frameworks */ = {
			isa = PBXFrameworksBuildPhase;
			buildActionMask = 2147483647;
			files = (
			);
			runOnlyForDeploymentPostprocessing = 0;
		};
/* End PBXFrameworksBuildPhase section */

/* Begin PBXGroup section */
		5CF1578B2520834600A23D7B = {
			isa = PBXGroup;
			children = (
				5CF157962520834600A23D7B /* HeartbeatSwiftUI */,
				5CF157A82520834600A23D7B /* HeartbeatSwiftUITests */,
				5CF157B32520834700A23D7B /* HeartbeatSwiftUIUITests */,
				5CF157952520834600A23D7B /* Products */,
			);
			sourceTree = "<group>";
		};
		5CF157952520834600A23D7B /* Products */ = {
			isa = PBXGroup;
			children = (
				5CF157942520834600A23D7B /* HeartbeatSwiftUI.app */,
				5CF157A52520834600A23D7B /* HeartbeatSwiftUITests.xctest */,
				5CF157B02520834600A23D7B /* HeartbeatSwiftUIUITests.xctest */,
			);
			name = Products;
			sourceTree = "<group>";
		};
		5CF157962520834600A23D7B /* HeartbeatSwiftUI */ = {
			isa = PBXGroup;
			children = (
				5CF157972520834600A23D7B /* HeartbeatSwiftUIApp.swift */,
				5CF157992520834600A23D7B /* ContentView.swift */,
				5CF1579B2520834600A23D7B /* Assets.xcassets */,
				5CF157A02520834600A23D7B /* Info.plist */,
				5CF1579D2520834600A23D7B /* Preview Content */,
			);
			path = HeartbeatSwiftUI;
			sourceTree = "<group>";
		};
		5CF1579D2520834600A23D7B /* Preview Content */ = {
			isa = PBXGroup;
			children = (
				5CF1579E2520834600A23D7B /* Preview Assets.xcassets */,
			);
			path = "Preview Content";
			sourceTree = "<group>";
		};
		5CF157A82520834600A23D7B /* HeartbeatSwiftUITests */ = {
			isa = PBXGroup;
			children = (
				5CF157A92520834600A23D7B /* HeartbeatSwiftUITests.swift */,
				5CF157AB2520834600A23D7B /* Info.plist */,
			);
			path = HeartbeatSwiftUITests;
			sourceTree = "<group>";
		};
		5CF157B32520834700A23D7B /* HeartbeatSwiftUIUITests */ = {
			isa = PBXGroup;
			children = (
				5CF157B42520834700A23D7B /* HeartbeatSwiftUIUITests.swift */,
				5CF157B62520834700A23D7B /* Info.plist */,
			);
			path = HeartbeatSwiftUIUITests;
			sourceTree = "<group>";
		};
/* End PBXGroup section */

/* Begin PBXNativeTarget section */
		5CF157932520834600A23D7B /* HeartbeatSwiftUI */ = {
			isa = PBXNativeTarget;
			buildConfigurationList = 5CF157B92520834700A23D7B /* Build configuration list for PBXNativeTarget "HeartbeatSwiftUI" */;
			buildPhases = (
				5CF157902520834600A23D7B /* Sources */,
				5CF157912520834600A23D7B /* Frameworks */,
				5CF157922520834600A23D7B /* Resources */,
			);
			buildRules = (
			);
			dependencies = (
			);
			name = HeartbeatSwiftUI;
			productName = HeartbeatSwiftUI;
			productReference = 5CF157942520834600A23D7B /* HeartbeatSwiftUI.app */;
			productType = "com.apple.product-type.application";
		};
		5CF157A42520834600A23D7B /* HeartbeatSwiftUITests */ = {
			isa = PBXNativeTarget;
			buildConfigurationList = 5CF157BC2520834700A23D7B /* Build configuration list for PBXNativeTarget "HeartbeatSwiftUITests" */;
			buildPhases = (
				5CF157A12520834600A23D7B /* Sources */,
				5CF157A22520834600A23D7B /* Frameworks */,
				5CF157A32520834600A23D7B /* Resources */,
			);
			buildRules = (
			);
			dependencies = (
				5CF157A72520834600A23D7B /* PBXTargetDependency */,
			);
			name = HeartbeatSwiftUITests;
			productName = HeartbeatSwiftUITests;
			productReference = 5CF157A52520834600A23D7B /* HeartbeatSwiftUITests.xctest */;
			productType = "com.apple.product-type.bundle.unit-test";
		};
		5CF157AF2520834600A23D7B /* HeartbeatSwiftUIUITests */ = {
			isa = PBXNativeTarget;
			buildConfigurationList = 5CF157BF2520834700A23D7B /* Build configuration list for PBXNativeTarget "HeartbeatSwiftUIUITests" */;
			buildPhases = (
				5CF157AC2520834600A23D7B /* Sources */,
				5CF157AD2520834600A23D7B /* Frameworks */,
				5CF157AE2520834600A23D7B /* Resources */,
			);
			buildRules = (
			);
			dependencies = (
				5CF157B22520834600A23D7B /* PBXTargetDependency */,
			);
			name = HeartbeatSwiftUIUITests;
			productName = HeartbeatSwiftUIUITests;
			productReference = 5CF157B02520834600A23D7B /* HeartbeatSwiftUIUITests.xctest */;
			productType = "com.apple.product-type.bundle.ui-testing";
		};
/* End PBXNativeTarget section */

/* Begin PBXProject section */
		5CF1578C2520834600A23D7B /* Project object */ = {
			isa = PBXProject;
			attributes = {
				LastSwiftUpdateCheck = 1200;
				LastUpgradeCheck = 1200;
				TargetAttributes = {
					5CF157932520834600A23D7B = {
						CreatedOnToolsVersion = 12.0.1;
					};
					5CF157A42520834600A23D7B = {
						CreatedOnToolsVersion = 12.0.1;
						TestTargetID = 5CF157932520834600A23D7B;
					};
					5CF157AF2520834600A23D7B = {
						CreatedOnToolsVersion = 12.0.1;
						TestTargetID = 5CF157932520834600A23D7B;
					};
				};
			};
			buildConfigurationList = 5CF1578F2520834600A23D7B /* Build configuration list for PBXProject "HeartbeatSwiftUI" */;
			compatibilityVersion = "Xcode 9.3";
			developmentRegion = en;
			hasScannedForEncodings = 0;
			knownRegions = (
				en,
				Base,
			);
			mainGroup = 5CF1578B2520834600A23D7B;
			productRefGroup = 5CF157952520834600A23D7B /* Products */;
			projectDirPath = "";
			projectRoot = "";
			targets = (
				5CF157932520834600A23D7B /* HeartbeatSwiftUI */,
				5CF157A42520834600A23D7B /* HeartbeatSwiftUITests */,
				5CF157AF2520834600A23D7B /* HeartbeatSwiftUIUITests */,
			);
		};
/* End PBXProject section */

/* Begin PBXResourcesBuildPhase section */
		5CF157922520834600A23D7B /* Resources */ = {
			isa = PBXResourcesBuildPhase;
			buildActionMask = 2147483647;
			files = (
				5CF1579F2520834600A23D7B /* Preview Assets.xcassets in Resources */,
				5CF1579C2520834600A23D7B /* Assets.xcassets in Resources */,
			);
			runOnlyForDeploymentPostprocessing = 0;
		};
		5CF157A32520834600A23D7B /* Resources */ = {
			isa = PBXResourcesBuildPhase;
			buildActionMask = 2147483647;
			files = (
			);
			runOnlyForDeploymentPostprocessing = 0;
		};
		5CF157AE2520834600A23D7B /* Resources */ = {
			isa = PBXResourcesBuildPhase;
			buildActionMask = 2147483647;
			files = (
			);
			runOnlyForDeploymentPostprocessing = 0;
		};
/* End PBXResourcesBuildPhase section */

/* Begin PBXSourcesBuildPhase section */
		5CF157902520834600A23D7B /* Sources */ = {
			isa = PBXSourcesBuildPhase;
			buildActionMask = 2147483647;
			files = (
				5CF1579A2520834600A23D7B /* ContentView.swift in Sources */,
				5CF157982520834600A23D7B /* HeartbeatSwiftUIApp.swift in Sources */,
			);
			runOnlyForDeploymentPostprocessing = 0;
		};
		5CF157A12520834600A23D7B /* Sources */ = {
			isa = PBXSourcesBuildPhase;
			buildActionMask = 2147483647;
			files = (
				5CF157AA2520834600A23D7B /* HeartbeatSwiftUITests.swift in Sources */,
			);
			runOnlyForDeploymentPostprocessing = 0;
		};
		5CF157AC2520834600A23D7B /* Sources */ = {
			isa = PBXSourcesBuildPhase;
			buildActionMask = 2147483647;
			files = (
				5CF157B52520834700A23D7B /* HeartbeatSwiftUIUITests.swift in Sources */,
			);
			runOnlyForDeploymentPostprocessing = 0;
		};
/* End PBXSourcesBuildPhase section */

/* Begin PBXTargetDependency section */
		5CF157A72520834600A23D7B /* PBXTargetDependency */ = {
			isa = PBXTargetDependency;
			target = 5CF157932520834600A23D7B /* HeartbeatSwiftUI */;
			targetProxy = 5CF157A62520834600A23D7B /* PBXContainerItemProxy */;
		};
		5CF157B22520834600A23D7B /* PBXTargetDependency */ = {
			isa = PBXTargetDependency;
			target = 5CF157932520834600A23D7B /* HeartbeatSwiftUI */;
			targetProxy = 5CF157B12520834600A23D7B /* PBXContainerItemProxy */;
		};
/* End PBXTargetDependency section */

/* Begin XCBuildConfiguration section */
		5CF157B72520834700A23D7B /* Debug */ = {
			isa = XCBuildConfiguration;
			buildSettings = {
				ALWAYS_SEARCH_USER_PATHS = NO;
				CLANG_ANALYZER_NONNULL = YES;
				CLANG_ANALYZER_NUMBER_OBJECT_CONVERSION = YES_AGGRESSIVE;
				CLANG_CXX_LANGUAGE_STANDARD = "gnu++14";
				CLANG_CXX_LIBRARY = "libc++";
				CLANG_ENABLE_MODULES = YES;
				CLANG_ENABLE_OBJC_ARC = YES;
				CLANG_ENABLE_OBJC_WEAK = YES;
				CLANG_WARN_BLOCK_CAPTURE_AUTORELEASING = YES;
				CLANG_WARN_BOOL_CONVERSION = YES;
				CLANG_WARN_COMMA = YES;
				CLANG_WARN_CONSTANT_CONVERSION = YES;
				CLANG_WARN_DEPRECATED_OBJC_IMPLEMENTATIONS = YES;
				CLANG_WARN_DIRECT_OBJC_ISA_USAGE = YES_ERROR;
				CLANG_WARN_DOCUMENTATION_COMMENTS = YES;
				CLANG_WARN_EMPTY_BODY = YES;
				CLANG_WARN_ENUM_CONVERSION = YES;
				CLANG_WARN_INFINITE_RECURSION = YES;
				CLANG_WARN_INT_CONVERSION = YES;
				CLANG_WARN_NON_LITERAL_NULL_CONVERSION = YES;
				CLANG_WARN_OBJC_IMPLICIT_RETAIN_SELF = YES;
				CLANG_WARN_OBJC_LITERAL_CONVERSION = YES;
				CLANG_WARN_OBJC_ROOT_CLASS = YES_ERROR;
				CLANG_WARN_QUOTED_INCLUDE_IN_FRAMEWORK_HEADER = YES;
				CLANG_WARN_RANGE_LOOP_ANALYSIS = YES;
				CLANG_WARN_STRICT_PROTOTYPES = YES;
				CLANG_WARN_SUSPICIOUS_MOVE = YES;
				CLANG_WARN_UNGUARDED_AVAILABILITY = YES_AGGRESSIVE;
				CLANG_WARN_UNREACHABLE_CODE = YES;
				CLANG_WARN__DUPLICATE_METHOD_MATCH = YES;
				COPY_PHASE_STRIP = NO;
				DEBUG_INFORMATION_FORMAT = dwarf;
				ENABLE_STRICT_OBJC_MSGSEND = YES;
				ENABLE_TESTABILITY = YES;
				GCC_C_LANGUAGE_STANDARD = gnu11;
				GCC_DYNAMIC_NO_PIC = NO;
				GCC_NO_COMMON_BLOCKS = YES;
				GCC_OPTIMIZATION_LEVEL = 0;
				GCC_PREPROCESSOR_DEFINITIONS = (
					"DEBUG=1",
					"$(inherited)",
				);
				GCC_WARN_64_TO_32_BIT_CONVERSION = YES;
				GCC_WARN_ABOUT_RETURN_TYPE = YES_ERROR;
				GCC_WARN_UNDECLARED_SELECTOR = YES;
				GCC_WARN_UNINITIALIZED_AUTOS = YES_AGGRESSIVE;
				GCC_WARN_UNUSED_FUNCTION = YES;
				GCC_WARN_UNUSED_VARIABLE = YES;
				IPHONEOS_DEPLOYMENT_TARGET = 14.0;
				MTL_ENABLE_DEBUG_INFO = INCLUDE_SOURCE;
				MTL_FAST_MATH = YES;
				ONLY_ACTIVE_ARCH = YES;
				SDKROOT = iphoneos;
				SWIFT_ACTIVE_COMPILATION_CONDITIONS = DEBUG;
				SWIFT_OPTIMIZATION_LEVEL = "-Onone";
			};
			name = Debug;
		};
		5CF157B82520834700A23D7B /* Release */ = {
			isa = XCBuildConfiguration;
			buildSettings = {
				ALWAYS_SEARCH_USER_PATHS = NO;
				CLANG_ANALYZER_NONNULL = YES;
				CLANG_ANALYZER_NUMBER_OBJECT_CONVERSION = YES_AGGRESSIVE;
				CLANG_CXX_LANGUAGE_STANDARD = "gnu++14";
				CLANG_CXX_LIBRARY = "libc++";
				CLANG_ENABLE_MODULES = YES;
				CLANG_ENABLE_OBJC_ARC = YES;
				CLANG_ENABLE_OBJC_WEAK = YES;
				CLANG_WARN_BLOCK_CAPTURE_AUTORELEASING = YES;
				CLANG_WARN_BOOL_CONVERSION = YES;
				CLANG_WARN_COMMA = YES;
				CLANG_WARN_CONSTANT_CONVERSION = YES;
				CLANG_WARN_DEPRECATED_OBJC_IMPLEMENTATIONS = YES;
				CLANG_WARN_DIRECT_OBJC_ISA_USAGE = YES_ERROR;
				CLANG_WARN_DOCUMENTATION_COMMENTS = YES;
				CLANG_WARN_EMPTY_BODY = YES;
				CLANG_WARN_ENUM_CONVERSION = YES;
				CLANG_WARN_INFINITE_RECURSION = YES;
				CLANG_WARN_INT_CONVERSION = YES;
				CLANG_WARN_NON_LITERAL_NULL_CONVERSION = YES;
				CLANG_WARN_OBJC_IMPLICIT_RETAIN_SELF = YES;
				CLANG_WARN_OBJC_LITERAL_CONVERSION = YES;
				CLANG_WARN_OBJC_ROOT_CLASS = YES_ERROR;
				CLANG_WARN_QUOTED_INCLUDE_IN_FRAMEWORK_HEADER = YES;
				CLANG_WARN_RANGE_LOOP_ANALYSIS = YES;
				CLANG_WARN_STRICT_PROTOTYPES = YES;
				CLANG_WARN_SUSPICIOUS_MOVE = YES;
				CLANG_WARN_UNGUARDED_AVAILABILITY = YES_AGGRESSIVE;
				CLANG_WARN_UNREACHABLE_CODE = YES;
				CLANG_WARN__DUPLICATE_METHOD_MATCH = YES;
				COPY_PHASE_STRIP = NO;
				DEBUG_INFORMATION_FORMAT = "dwarf-with-dsym";
				ENABLE_NS_ASSERTIONS = NO;
				ENABLE_STRICT_OBJC_MSGSEND = YES;
				GCC_C_LANGUAGE_STANDARD = gnu11;
				GCC_NO_COMMON_BLOCKS = YES;
				GCC_WARN_64_TO_32_BIT_CONVERSION = YES;
				GCC_WARN_ABOUT_RETURN_TYPE = YES_ERROR;
				GCC_WARN_UNDECLARED_SELECTOR = YES;
				GCC_WARN_UNINITIALIZED_AUTOS = YES_AGGRESSIVE;
				GCC_WARN_UNUSED_FUNCTION = YES;
				GCC_WARN_UNUSED_VARIABLE = YES;
				IPHONEOS_DEPLOYMENT_TARGET = 14.0;
				MTL_ENABLE_DEBUG_INFO = NO;
				MTL_FAST_MATH = YES;
				SDKROOT = iphoneos;
				SWIFT_COMPILATION_MODE = wholemodule;
				SWIFT_OPTIMIZATION_LEVEL = "-O";
				VALIDATE_PRODUCT = YES;
			};
			name = Release;
		};
		5CF157BA2520834700A23D7B /* Debug */ = {
			isa = XCBuildConfiguration;
			buildSettings = {
				ASSETCATALOG_COMPILER_APPICON_NAME = AppIcon;
				ASSETCATALOG_COMPILER_GLOBAL_ACCENT_COLOR_NAME = AccentColor;
				CODE_SIGN_STYLE = Automatic;
				DEVELOPMENT_ASSET_PATHS = "\"HeartbeatSwiftUI/Preview Content\"";
				ENABLE_PREVIEWS = YES;
				INFOPLIST_FILE = HeartbeatSwiftUI/Info.plist;
				IPHONEOS_DEPLOYMENT_TARGET = 14.0;
				LD_RUNPATH_SEARCH_PATHS = (
					"$(inherited)",
					"@executable_path/Frameworks",
				);
				PRODUCT_BUNDLE_IDENTIFIER = com.shreyasvilaschandrabhike.HeartbeatSwiftUI;
				PRODUCT_NAME = "$(TARGET_NAME)";
				SWIFT_VERSION = 5.0;
				TARGETED_DEVICE_FAMILY = "1,2";
			};
			name = Debug;
		};
		5CF157BB2520834700A23D7B /* Release */ = {
			isa = XCBuildConfiguration;
			buildSettings = {
				ASSETCATALOG_COMPILER_APPICON_NAME = AppIcon;
				ASSETCATALOG_COMPILER_GLOBAL_ACCENT_COLOR_NAME = AccentColor;
				CODE_SIGN_STYLE = Automatic;
				DEVELOPMENT_ASSET_PATHS = "\"HeartbeatSwiftUI/Preview Content\"";
				ENABLE_PREVIEWS = YES;
				INFOPLIST_FILE = HeartbeatSwiftUI/Info.plist;
				IPHONEOS_DEPLOYMENT_TARGET = 14.0;
				LD_RUNPATH_SEARCH_PATHS = (
					"$(inherited)",
					"@executable_path/Frameworks",
				);
				PRODUCT_BUNDLE_IDENTIFIER = com.shreyasvilaschandrabhike.HeartbeatSwiftUI;
				PRODUCT_NAME = "$(TARGET_NAME)";
				SWIFT_VERSION = 5.0;
				TARGETED_DEVICE_FAMILY = "1,2";
			};
			name = Release;
		};
		5CF157BD2520834700A23D7B /* Debug */ = {
			isa = XCBuildConfiguration;
			buildSettings = {
				ALWAYS_EMBED_SWIFT_STANDARD_LIBRARIES = YES;
				BUNDLE_LOADER = "$(TEST_HOST)";
				CODE_SIGN_STYLE = Automatic;
				INFOPLIST_FILE = HeartbeatSwiftUITests/Info.plist;
				IPHONEOS_DEPLOYMENT_TARGET = 14.0;
				LD_RUNPATH_SEARCH_PATHS = (
					"$(inherited)",
					"@executable_path/Frameworks",
					"@loader_path/Frameworks",
				);
				PRODUCT_BUNDLE_IDENTIFIER = com.shreyasvilaschandrabhike.HeartbeatSwiftUITests;
				PRODUCT_NAME = "$(TARGET_NAME)";
				SWIFT_VERSION = 5.0;
				TARGETED_DEVICE_FAMILY = "1,2";
				TEST_HOST = "$(BUILT_PRODUCTS_DIR)/HeartbeatSwiftUI.app/HeartbeatSwiftUI";
			};
			name = Debug;
		};
		5CF157BE2520834700A23D7B /* Release */ = {
			isa = XCBuildConfiguration;
			buildSettings = {
				ALWAYS_EMBED_SWIFT_STANDARD_LIBRARIES = YES;
				BUNDLE_LOADER = "$(TEST_HOST)";
				CODE_SIGN_STYLE = Automatic;
				INFOPLIST_FILE = HeartbeatSwiftUITests/Info.plist;
				IPHONEOS_DEPLOYMENT_TARGET = 14.0;
				LD_RUNPATH_SEARCH_PATHS = (
					"$(inherited)",
					"@executable_path/Frameworks",
					"@loader_path/Frameworks",
				);
				PRODUCT_BUNDLE_IDENTIFIER = com.shreyasvilaschandrabhike.HeartbeatSwiftUITests;
				PRODUCT_NAME = "$(TARGET_NAME)";
				SWIFT_VERSION = 5.0;
				TARGETED_DEVICE_FAMILY = "1,2";
				TEST_HOST = "$(BUILT_PRODUCTS_DIR)/HeartbeatSwiftUI.app/HeartbeatSwiftUI";
			};
			name = Release;
		};
		5CF157C02520834700A23D7B /* Debug */ = {
			isa = XCBuildConfiguration;
			buildSettings = {
				ALWAYS_EMBED_SWIFT_STANDARD_LIBRARIES = YES;
				CODE_SIGN_STYLE = Automatic;
				INFOPLIST_FILE = HeartbeatSwiftUIUITests/Info.plist;
				LD_RUNPATH_SEARCH_PATHS = (
					"$(inherited)",
					"@executable_path/Frameworks",
					"@loader_path/Frameworks",
				);
				PRODUCT_BUNDLE_IDENTIFIER = com.shreyasvilaschandrabhike.HeartbeatSwiftUIUITests;
				PRODUCT_NAME = "$(TARGET_NAME)";
				SWIFT_VERSION = 5.0;
				TARGETED_DEVICE_FAMILY = "1,2";
				TEST_TARGET_NAME = HeartbeatSwiftUI;
			};
			name = Debug;
		};
		5CF157C12520834700A23D7B /* Release */ = {
			isa = XCBuildConfiguration;
			buildSettings = {
				ALWAYS_EMBED_SWIFT_STANDARD_LIBRARIES = YES;
				CODE_SIGN_STYLE = Automatic;
				INFOPLIST_FILE = HeartbeatSwiftUIUITests/Info.plist;
				LD_RUNPATH_SEARCH_PATHS = (
					"$(inherited)",
					"@executable_path/Frameworks",
					"@loader_path/Frameworks",
				);
				PRODUCT_BUNDLE_IDENTIFIER = com.shreyasvilaschandrabhike.HeartbeatSwiftUIUITests;
				PRODUCT_NAME = "$(TARGET_NAME)";
				SWIFT_VERSION = 5.0;
				TARGETED_DEVICE_FAMILY = "1,2";
				TEST_TARGET_NAME = HeartbeatSwiftUI;
			};
			name = Release;
		};
/* End XCBuildConfiguration section */

/* Begin XCConfigurationList section */
		5CF1578F2520834600A23D7B /* Build configuration list for PBXProject "HeartbeatSwiftUI" */ = {
			isa = XCConfigurationList;
			buildConfigurations = (
				5CF157B72520834700A23D7B /* Debug */,
				5CF157B82520834700A23D7B /* Release */,
			);
			defaultConfigurationIsVisible = 0;
			defaultConfigurationName = Release;
		};
		5CF157B92520834700A23D7B /* Build configuration list for PBXNativeTarget "HeartbeatSwiftUI" */ = {
			isa = XCConfigurationList;
			buildConfigurations = (
				5CF157BA2520834700A23D7B /* Debug */,
				5CF157BB2520834700A23D7B /* Release */,
			);
			defaultConfigurationIsVisible = 0;
			defaultConfigurationName = Release;
		};
		5CF157BC2520834700A23D7B /* Build configuration list for PBXNativeTarget "HeartbeatSwiftUITests" */ = {
			isa = XCConfigurationList;
			buildConfigurations = (
				5CF157BD2520834700A23D7B /* Debug */,
				5CF157BE2520834700A23D7B /* Release */,
			);
			defaultConfigurationIsVisible = 0;
			defaultConfigurationName = Release;
		};
		5CF157BF2520834700A23D7B /* Build configuration list for PBXNativeTarget "HeartbeatSwiftUIUITests" */ = {
			isa = XCConfigurationList;
			buildConfigurations = (
				5CF157C02520834700A23D7B /* Debug */,
				5CF157C12520834700A23D7B /* Release */,
			);
			defaultConfigurationIsVisible = 0;
			defaultConfigurationName = Release;
		};
/* End XCConfigurationList section */
	};
	rootObject = 5CF1578C2520834600A23D7B /* Project object */;
}
